
Microsoft Visual Studio Solution File, Format Version 12.00
# Visual Studio Version 17
VisualStudioVersion = 17.7.34009.444
MinimumVisualStudioVersion = 10.0.40219.1
Project("{F184B08F-C81C-45F6-A57F-5ABD9991F28F}") = "git_andrea_ilsy", "git_andrea_ilsy\git_andrea_ilsy.vbproj", "{2E13B35E-454A-4A6E-A7BD-138F2943B7CE}"
EndProject
Global
	GlobalSection(SolutionConfigurationPlatforms) = preSolution
		Debug|Any CPU = Debug|Any CPU
		Release|Any CPU = Release|Any CPU
	EndGlobalSection
	GlobalSection(ProjectConfigurationPlatforms) = postSolution
		{2E13B35E-454A-4A6E-A7BD-138F2943B7CE}.Debug|Any CPU.ActiveCfg = Debug|Any CPU
		{2E13B35E-454A-4A6E-A7BD-138F2943B7CE}.Debug|Any CPU.Build.0 = Debug|Any CPU
		{2E13B35E-454A-4A6E-A7BD-138F2943B7CE}.Release|Any CPU.ActiveCfg = Release|Any CPU
		{2E13B35E-454A-4A6E-A7BD-138F2943B7CE}.Release|Any CPU.Build.0 = Release|Any CPU
	EndGlobalSection
	GlobalSection(SolutionProperties) = preSolution
		HideSolutionNode = FALSE
	EndGlobalSection
	GlobalSection(ExtensibilityGlobals) = postSolution
		SolutionGuid = {F2D00C8E-91F1-4816-BE72-6D316CCFDA06}
	EndGlobalSection
EndGlobal
